
Microsoft Visual Studio Solution File, Format Version 12.00
# Visual Studio Version 16
VisualStudioVersion = 16.0.29001.49
MinimumVisualStudioVersion = 10.0.40219.1
Project("{FAE04EC0-301F-11D3-BF4B-00C04F79EFBC}") = "CalculateAvgTestScores.proj", "CalculateAvgTestScores.proj\CalculateAvgTestScores.proj.csproj", "{AEFB4F67-94B6-4A17-85E3-0E87408EFB16}"
EndProject
Global
	GlobalSection(SolutionConfigurationPlatforms) = preSolution
		Debug|Any CPU = Debug|Any CPU
		Release|Any CPU = Release|Any CPU
	EndGlobalSection
	GlobalSection(ProjectConfigurationPlatforms) = postSolution
		{AEFB4F67-94B6-4A17-85E3-0E87408EFB16}.Debug|Any CPU.ActiveCfg = Debug|Any CPU
		{AEFB4F67-94B6-4A17-85E3-0E87408EFB16}.Debug|Any CPU.Build.0 = Debug|Any CPU
		{AEFB4F67-94B6-4A17-85E3-0E87408EFB16}.Release|Any CPU.ActiveCfg = Release|Any CPU
		{AEFB4F67-94B6-4A17-85E3-0E87408EFB16}.Release|Any CPU.Build.0 = Release|Any CPU
	EndGlobalSection
	GlobalSection(SolutionProperties) = preSolution
		HideSolutionNode = FALSE
	EndGlobalSection
	GlobalSection(ExtensibilityGlobals) = postSolution
		SolutionGuid = {D8FC5843-7B3A-4C4E-8B4B-31670D0D8419}
	EndGlobalSection
EndGlobal
